schema: '2.0'
stages:
  data_ingestion:
    cmd: python src/data_ingestion.py
    deps:
    - path: src/data_ingestion.py
      hash: md5
      md5: d879ccafa28fa56a6fed1ff8c0f1b26b
      size: 1350
    outs:
    - path: data/raw/test.csv
      hash: md5
      md5: b3f53f996a212e79082162a444cdabd3
      size: 206125
    - path: data/raw/train.csv
      hash: md5
      md5: 40d36c7b86eda967f175fe00144ae8ec
      size: 621848
  data_preprocessing:
    cmd: python src/data_preprocessing.py
    deps:
    - path: data/raw/test.csv
      hash: md5
      md5: b3f53f996a212e79082162a444cdabd3
      size: 206125
    - path: data/raw/train.csv
      hash: md5
      md5: 40d36c7b86eda967f175fe00144ae8ec
      size: 621848
    - path: src/data_preprocessing.py
      hash: md5
      md5: ab8d5dcf9376a4fcd1ce762a7cc61d5c
      size: 3186
    outs:
    - path: data/processed/test.csv
      hash: md5
      md5: c1505a2c551754dbda11f46ad516dbcd
      size: 141258
    - path: data/processed/train.csv
      hash: md5
      md5: 8646de7c18d7808cd7bd046fb747df11
      size: 424952
  feature_engineering:
    cmd: python features/features.py
    deps:
    - path: data/processed/test.csv
      hash: md5
      md5: c1505a2c551754dbda11f46ad516dbcd
      size: 141258
    - path: data/processed/train.csv
      hash: md5
      md5: 8646de7c18d7808cd7bd046fb747df11
      size: 424952
    - path: features/features.py
      hash: md5
      md5: cbc4dccac2bd958180976b99352b8884
      size: 1499
    outs:
    - path: data/interim/test_bow.csv
      hash: md5
      md5: a78fa606e47082da9f75c75f8cdaad34
      size: 111556
    - path: data/interim/train_bow.csv
      hash: md5
      md5: 5a91c0039fe6e6b18f86326e05410c2e
      size: 334554
  model_training:
    cmd: python modelling/modelling.py
    deps:
    - path: data/interim/train_bow.csv
      hash: md5
      md5: 5a91c0039fe6e6b18f86326e05410c2e
      size: 334554
    - path: modelling/modelling.py
      hash: md5
      md5: 13d0b98419a55fe3b08720c1b03c6fa3
      size: 664
    outs:
    - path: models/random_forest_model.pkl
      hash: md5
      md5: bf43e77be19966359b65217384eea00c
      size: 1427991
  model_evaluation:
    cmd: python modelling/model_evaluation.py
    deps:
    - path: data/interim/test_bow.csv
      hash: md5
      md5: a78fa606e47082da9f75c75f8cdaad34
      size: 111556
    - path: modelling/model_evaluation.py
      hash: md5
      md5: 3a8621758cad9e686a92942afc671a65
      size: 723
    - path: models/random_forest_model.pkl
      hash: md5
      md5: bf43e77be19966359b65217384eea00c
      size: 1427991
    outs:
    - path: reports/metrics.json
      hash: md5
      md5: 26e1f6c9001efa75deb23ccee51d7a8c
      size: 149
